{
  "originHash" : "00ec3be4b9063b0b59346c821741329f4f70b5abf730d11c05cf42b5d6b7156a",
  "pins" : [
    {
      "identity" : "purchases-ios",
      "kind" : "remoteSourceControl",
      "location" : "https://github.com/RevenueCat/purchases-ios.git",
      "state" : {
        "revision" : "4c0006aec5994bee99a5e4c9b91043d7a920b110",
        "version" : "5.3.0"
      }
    }
  ],
  "version" : 3
}
