{
  "originHash" : "86d282847ff3dd35d1cd4b4e066fcdbc3e141f907d165534f86290ef015b8a5b",
  "pins" : [
    {
      "identity" : "purchases-ios",
      "kind" : "remoteSourceControl",
      "location" : "https://github.com/RevenueCat/purchases-ios.git",
      "state" : {
        "revision" : "4c0006aec5994bee99a5e4c9b91043d7a920b110",
        "version" : "5.3.0"
      }
    }
  ],
  "version" : 3
}
