// !$*UTF8*$!
{
	archiveVersion = 1;
	classes = {
	};
	objectVersion = 56;
	objects = {

/* Begin PBXBuildFile section */
		BF10B0772C73139400235D45 /* ImagesSetsFeature in Frameworks */ = {isa = PBXBuildFile; productRef = BF10B0762C73139400235D45 /* ImagesSetsFeature */; };
		BF10C2EE2C16FD8100C567A3 /* ImportImagesFeature in Frameworks */ = {isa = PBXBuildFile; productRef = BF10C2ED2C16FD8100C567A3 /* ImportImagesFeature */; };
		BF10C2F12C17023600C567A3 /* ImageResizeFeature in Frameworks */ = {isa = PBXBuildFile; productRef = BF10C2F02C17023600C567A3 /* ImageResizeFeature */; };
		BF10C2F92C174FAE00C567A3 /* PicPulseIpadExtensionApp.swift in Sources */ = {isa = PBXBuildFile; fileRef = BF10C2F82C174FAE00C567A3 /* PicPulseIpadExtensionApp.swift */; };
		BF10C2FB2C174FAE00C567A3 /* ContentView.swift in Sources */ = {isa = PBXBuildFile; fileRef = BF10C2FA2C174FAE00C567A3 /* ContentView.swift */; };
		BF10C2FD2C174FAF00C567A3 /* Assets.xcassets in Resources */ = {isa = PBXBuildFile; fileRef = BF10C2FC2C174FAF00C567A3 /* Assets.xcassets */; };
		BF10C3012C174FAF00C567A3 /* Preview Assets.xcassets in Resources */ = {isa = PBXBuildFile; fileRef = BF10C3002C174FAF00C567A3 /* Preview Assets.xcassets */; };
		BF10C3082C174FFA00C567A3 /* ImportImagesFeature in Frameworks */ = {isa = PBXBuildFile; productRef = BF10C3072C174FFA00C567A3 /* ImportImagesFeature */; };
		BF1879CF2C74B860002C5E70 /* GeneralSettingsView.swift in Sources */ = {isa = PBXBuildFile; fileRef = BF1879CE2C74B860002C5E70 /* GeneralSettingsView.swift */; };
		BF1C5C932CDA4D34009A902E /* RemoveAlphaFeature in Frameworks */ = {isa = PBXBuildFile; productRef = BF1C5C922CDA4D34009A902E /* RemoveAlphaFeature */; };
		BF1C5C952CDA505B009A902E /* DestinationManager in Frameworks */ = {isa = PBXBuildFile; productRef = BF1C5C942CDA505B009A902E /* DestinationManager */; };
		BF59A1222C60B02300C87C0E /* StoreKit.framework in Frameworks */ = {isa = PBXBuildFile; fileRef = BF59A1212C60B02300C87C0E /* StoreKit.framework */; };
		BF62069B2C6AFE830001B151 /* Links.swift in Sources */ = {isa = PBXBuildFile; fileRef = BF62069A2C6AFE830001B151 /* Links.swift */; };
		BF62069D2C6AFF6C0001B151 /* OnAppearModifier.swift in Sources */ = {isa = PBXBuildFile; fileRef = BF62069C2C6AFF6C0001B151 /* OnAppearModifier.swift */; };
		BF62069F2C6AFF7D0001B151 /* View+Ext.swift in Sources */ = {isa = PBXBuildFile; fileRef = BF62069E2C6AFF7D0001B151 /* View+Ext.swift */; };
		BF7245352C60F33F00804A93 /* TipsListView.swift in Sources */ = {isa = PBXBuildFile; fileRef = BF7245342C60F33F00804A93 /* TipsListView.swift */; };
		BFC111C12C782B5D00470BE5 /* RevenueCat in Frameworks */ = {isa = PBXBuildFile; productRef = BFC111C02C782B5D00470BE5 /* RevenueCat */; };
		BFD38C812C5FD1DC00525EF9 /* APIKey.swift in Sources */ = {isa = PBXBuildFile; fileRef = BFD38C802C5FD1DC00525EF9 /* APIKey.swift */; };
		BFEFD7842C860407007B3EDC /* CheckForUpdatesView.swift in Sources */ = {isa = PBXBuildFile; fileRef = BFEFD7832C860407007B3EDC /* CheckForUpdatesView.swift */; };
		BFEFD7862C860456007B3EDC /* Sparkle in Frameworks */ = {isa = PBXBuildFile; productRef = BFEFD7852C860456007B3EDC /* Sparkle */; };
		BFFCDD612BF90B6200C208B1 /* PreShotsApp.swift in Sources */ = {isa = PBXBuildFile; fileRef = BFFCDD602BF90B6200C208B1 /* PreShotsApp.swift */; };
		BFFCDD632BF90B6200C208B1 /* ContentView.swift in Sources */ = {isa = PBXBuildFile; fileRef = BFFCDD622BF90B6200C208B1 /* ContentView.swift */; };
		BFFCDD652BF90B6400C208B1 /* Assets.xcassets in Resources */ = {isa = PBXBuildFile; fileRef = BFFCDD642BF90B6400C208B1 /* Assets.xcassets */; };
		BFFCDD682BF90B6400C208B1 /* Preview Assets.xcassets in Resources */ = {isa = PBXBuildFile; fileRef = BFFCDD672BF90B6400C208B1 /* Preview Assets.xcassets */; };
/* End PBXBuildFile section */

/* Begin PBXFileReference section */
		BF10C2EB2C16F69600C567A3 /* PreShotsAPI */ = {isa = PBXFileReference; lastKnownFileType = wrapper; path = PreShotsAPI; sourceTree = "<group>"; };
		BF10C2F62C174FAE00C567A3 /* PicPulse2IpadExtension.app */ = {isa = PBXFileReference; explicitFileType = wrapper.application; includeInIndex = 0; path = PicPulse2IpadExtension.app; sourceTree = BUILT_PRODUCTS_DIR; };
		BF10C2F82C174FAE00C567A3 /* PicPulseIpadExtensionApp.swift */ = {isa = PBXFileReference; lastKnownFileType = sourcecode.swift; path = PicPulseIpadExtensionApp.swift; sourceTree = "<group>"; };
		BF10C2FA2C174FAE00C567A3 /* ContentView.swift */ = {isa = PBXFileReference; lastKnownFileType = sourcecode.swift; path = ContentView.swift; sourceTree = "<group>"; };
		BF10C2FC2C174FAF00C567A3 /* Assets.xcassets */ = {isa = PBXFileReference; lastKnownFileType = folder.assetcatalog; path = Assets.xcassets; sourceTree = "<group>"; };
		BF10C2FE2C174FAF00C567A3 /* PicPulseIpadExtension.entitlements */ = {isa = PBXFileReference; lastKnownFileType = text.plist.entitlements; path = PicPulseIpadExtension.entitlements; sourceTree = "<group>"; };
		BF10C3002C174FAF00C567A3 /* Preview Assets.xcassets */ = {isa = PBXFileReference; lastKnownFileType = folder.assetcatalog; path = "Preview Assets.xcassets"; sourceTree = "<group>"; };
		BF1879CE2C74B860002C5E70 /* GeneralSettingsView.swift */ = {isa = PBXFileReference; lastKnownFileType = sourcecode.swift; path = GeneralSettingsView.swift; sourceTree = "<group>"; };
		BF59A1212C60B02300C87C0E /* StoreKit.framework */ = {isa = PBXFileReference; lastKnownFileType = wrapper.framework; name = StoreKit.framework; path = System/Library/Frameworks/StoreKit.framework; sourceTree = SDKROOT; };
		BF62069A2C6AFE830001B151 /* Links.swift */ = {isa = PBXFileReference; lastKnownFileType = sourcecode.swift; path = Links.swift; sourceTree = "<group>"; };
		BF62069C2C6AFF6C0001B151 /* OnAppearModifier.swift */ = {isa = PBXFileReference; fileEncoding = 4; lastKnownFileType = sourcecode.swift; path = OnAppearModifier.swift; sourceTree = "<group>"; };
		BF62069E2C6AFF7D0001B151 /* View+Ext.swift */ = {isa = PBXFileReference; lastKnownFileType = sourcecode.swift; path = "View+Ext.swift"; sourceTree = "<group>"; };
		BF6384F32C50B71500AC365E /* Info.plist */ = {isa = PBXFileReference; lastKnownFileType = text.plist; path = Info.plist; sourceTree = "<group>"; };
		BF7245342C60F33F00804A93 /* TipsListView.swift */ = {isa = PBXFileReference; lastKnownFileType = sourcecode.swift; path = TipsListView.swift; sourceTree = "<group>"; };
		BFD38C802C5FD1DC00525EF9 /* APIKey.swift */ = {isa = PBXFileReference; lastKnownFileType = sourcecode.swift; path = APIKey.swift; sourceTree = "<group>"; };
		BFEFD7832C860407007B3EDC /* CheckForUpdatesView.swift */ = {isa = PBXFileReference; lastKnownFileType = sourcecode.swift; path = CheckForUpdatesView.swift; sourceTree = "<group>"; };
		BFFCDD5D2BF90B6200C208B1 /* PicPulse.app */ = {isa = PBXFileReference; explicitFileType = wrapper.application; includeInIndex = 0; path = PicPulse.app; sourceTree = BUILT_PRODUCTS_DIR; };
		BFFCDD602BF90B6200C208B1 /* PreShotsApp.swift */ = {isa = PBXFileReference; lastKnownFileType = sourcecode.swift; path = PreShotsApp.swift; sourceTree = "<group>"; };
		BFFCDD622BF90B6200C208B1 /* ContentView.swift */ = {isa = PBXFileReference; lastKnownFileType = sourcecode.swift; path = ContentView.swift; sourceTree = "<group>"; };
		BFFCDD642BF90B6400C208B1 /* Assets.xcassets */ = {isa = PBXFileReference; lastKnownFileType = folder.assetcatalog; path = Assets.xcassets; sourceTree = "<group>"; };
		BFFCDD672BF90B6400C208B1 /* Preview Assets.xcassets */ = {isa = PBXFileReference; lastKnownFileType = folder.assetcatalog; path = "Preview Assets.xcassets"; sourceTree = "<group>"; };
		BFFCDD692BF90B6400C208B1 /* PreShots.entitlements */ = {isa = PBXFileReference; lastKnownFileType = text.plist.entitlements; path = PreShots.entitlements; sourceTree = "<group>"; };
/* End PBXFileReference section */

/* Begin PBXFrameworksBuildPhase section */
		BF10C2F32C174FAE00C567A3 /* Frameworks */ = {
			isa = PBXFrameworksBuildPhase;
			buildActionMask = 2147483647;
			files = (
				BF10C3082C174FFA00C567A3 /* ImportImagesFeature in Frameworks */,
			);
			runOnlyForDeploymentPostprocessing = 0;
		};
		BFFCDD5A2BF90B6200C208B1 /* Frameworks */ = {
			isa = PBXFrameworksBuildPhase;
			buildActionMask = 2147483647;
			files = (
				BF10C2EE2C16FD8100C567A3 /* ImportImagesFeature in Frameworks */,
				BF10C2F12C17023600C567A3 /* ImageResizeFeature in Frameworks */,
				BFC111C12C782B5D00470BE5 /* RevenueCat in Frameworks */,
				BF1C5C932CDA4D34009A902E /* RemoveAlphaFeature in Frameworks */,
				BFEFD7862C860456007B3EDC /* Sparkle in Frameworks */,
				BF10B0772C73139400235D45 /* ImagesSetsFeature in Frameworks */,
				BF59A1222C60B02300C87C0E /* StoreKit.framework in Frameworks */,
				BF1C5C952CDA505B009A902E /* DestinationManager in Frameworks */,
			);
			runOnlyForDeploymentPostprocessing = 0;
		};
/* End PBXFrameworksBuildPhase section */

/* Begin PBXGroup section */
		BF10C2EC2C16FD8100C567A3 /* Frameworks */ = {
			isa = PBXGroup;
			children = (
				BF59A1212C60B02300C87C0E /* StoreKit.framework */,
			);
			name = Frameworks;
			sourceTree = "<group>";
		};
		BF10C2F72C174FAE00C567A3 /* PicPulseIpadExtension */ = {
			isa = PBXGroup;
			children = (
				BF10C2F82C174FAE00C567A3 /* PicPulseIpadExtensionApp.swift */,
				BF10C2FA2C174FAE00C567A3 /* ContentView.swift */,
				BF10C2FC2C174FAF00C567A3 /* Assets.xcassets */,
				BF10C2FE2C174FAF00C567A3 /* PicPulseIpadExtension.entitlements */,
				BF10C2FF2C174FAF00C567A3 /* Preview Content */,
			);
			path = PicPulseIpadExtension;
			sourceTree = "<group>";
		};
		BF10C2FF2C174FAF00C567A3 /* Preview Content */ = {
			isa = PBXGroup;
			children = (
				BF10C3002C174FAF00C567A3 /* Preview Assets.xcassets */,
			);
			path = "Preview Content";
			sourceTree = "<group>";
		};
		BFFCDD542BF90B6200C208B1 = {
			isa = PBXGroup;
			children = (
				BF10C2EB2C16F69600C567A3 /* PreShotsAPI */,
				BFFCDD5F2BF90B6200C208B1 /* PreShots */,
				BF10C2F72C174FAE00C567A3 /* PicPulseIpadExtension */,
				BFFCDD5E2BF90B6200C208B1 /* Products */,
				BF10C2EC2C16FD8100C567A3 /* Frameworks */,
			);
			sourceTree = "<group>";
		};
		BFFCDD5E2BF90B6200C208B1 /* Products */ = {
			isa = PBXGroup;
			children = (
				BFFCDD5D2BF90B6200C208B1 /* PicPulse.app */,
				BF10C2F62C174FAE00C567A3 /* PicPulse2IpadExtension.app */,
			);
			name = Products;
			sourceTree = "<group>";
		};
		BFFCDD5F2BF90B6200C208B1 /* PreShots */ = {
			isa = PBXGroup;
			children = (
				BF6384F32C50B71500AC365E /* Info.plist */,
				BFFCDD602BF90B6200C208B1 /* PreShotsApp.swift */,
				BFFCDD622BF90B6200C208B1 /* ContentView.swift */,
				BFD38C802C5FD1DC00525EF9 /* APIKey.swift */,
				BF62069A2C6AFE830001B151 /* Links.swift */,
				BF7245342C60F33F00804A93 /* TipsListView.swift */,
				BF62069C2C6AFF6C0001B151 /* OnAppearModifier.swift */,
				BF62069E2C6AFF7D0001B151 /* View+Ext.swift */,
				BF1879CE2C74B860002C5E70 /* GeneralSettingsView.swift */,
				BFEFD7832C860407007B3EDC /* CheckForUpdatesView.swift */,
				BFFCDD642BF90B6400C208B1 /* Assets.xcassets */,
				BFFCDD692BF90B6400C208B1 /* PreShots.entitlements */,
				BFFCDD662BF90B6400C208B1 /* Preview Content */,
			);
			path = PreShots;
			sourceTree = "<group>";
		};
		BFFCDD662BF90B6400C208B1 /* Preview Content */ = {
			isa = PBXGroup;
			children = (
				BFFCDD672BF90B6400C208B1 /* Preview Assets.xcassets */,
			);
			path = "Preview Content";
			sourceTree = "<group>";
		};
/* End PBXGroup section */

/* Begin PBXNativeTarget section */
		BF10C2F52C174FAE00C567A3 /* PicPulse2IpadExtension */ = {
			isa = PBXNativeTarget;
			buildConfigurationList = BF10C3042C174FAF00C567A3 /* Build configuration list for PBXNativeTarget "PicPulse2IpadExtension" */;
			buildPhases = (
				BF10C2F22C174FAE00C567A3 /* Sources */,
				BF10C2F32C174FAE00C567A3 /* Frameworks */,
				BF10C2F42C174FAE00C567A3 /* Resources */,
			);
			buildRules = (
			);
			dependencies = (
			);
			name = PicPulse2IpadExtension;
			packageProductDependencies = (
				BF10C3072C174FFA00C567A3 /* ImportImagesFeature */,
			);
			productName = PicPulseIpadExtension;
			productReference = BF10C2F62C174FAE00C567A3 /* PicPulse2IpadExtension.app */;
			productType = "com.apple.product-type.application";
		};
		BFFCDD5C2BF90B6200C208B1 /* PreShots */ = {
			isa = PBXNativeTarget;
			buildConfigurationList = BFFCDD6C2BF90B6400C208B1 /* Build configuration list for PBXNativeTarget "PreShots" */;
			buildPhases = (
				BFFCDD592BF90B6200C208B1 /* Sources */,
				BFFCDD5A2BF90B6200C208B1 /* Frameworks */,
				BFFCDD5B2BF90B6200C208B1 /* Resources */,
			);
			buildRules = (
			);
			dependencies = (
			);
			name = PreShots;
			packageProductDependencies = (
				BF10C2ED2C16FD8100C567A3 /* ImportImagesFeature */,
				BF10C2F02C17023600C567A3 /* ImageResizeFeature */,
				BF10B0762C73139400235D45 /* ImagesSetsFeature */,
				BFC111C02C782B5D00470BE5 /* RevenueCat */,
				BFEFD7852C860456007B3EDC /* Sparkle */,
				BF1C5C922CDA4D34009A902E /* RemoveAlphaFeature */,
				BF1C5C942CDA505B009A902E /* DestinationManager */,
			);
			productName = PreShots;
			productReference = BFFCDD5D2BF90B6200C208B1 /* PicPulse.app */;
			productType = "com.apple.product-type.application";
		};
/* End PBXNativeTarget section */

/* Begin PBXProject section */
		BFFCDD552BF90B6200C208B1 /* Project object */ = {
			isa = PBXProject;
			attributes = {
				BuildIndependentTargetsInParallel = 1;
				LastSwiftUpdateCheck = 1530;
				LastUpgradeCheck = 1540;
				TargetAttributes = {
					BF10C2F52C174FAE00C567A3 = {
						CreatedOnToolsVersion = 15.3;
					};
					BFFCDD5C2BF90B6200C208B1 = {
						CreatedOnToolsVersion = 15.3;
					};
				};
			};
			buildConfigurationList = BFFCDD582BF90B6200C208B1 /* Build configuration list for PBXProject "PicPulse" */;
			compatibilityVersion = "Xcode 14.0";
			developmentRegion = en;
			hasScannedForEncodings = 0;
			knownRegions = (
				en,
				Base,
			);
			mainGroup = BFFCDD542BF90B6200C208B1;
			packageReferences = (
				BFC111BF2C782B2B00470BE5 /* XCRemoteSwiftPackageReference "purchases-ios" */,
				BFEFD7822C85FC38007B3EDC /* XCRemoteSwiftPackageReference "Sparkle" */,
			);
			productRefGroup = BFFCDD5E2BF90B6200C208B1 /* Products */;
			projectDirPath = "";
			projectRoot = "";
			targets = (
				BFFCDD5C2BF90B6200C208B1 /* PreShots */,
				BF10C2F52C174FAE00C567A3 /* PicPulse2IpadExtension */,
			);
		};
/* End PBXProject section */

/* Begin PBXResourcesBuildPhase section */
		BF10C2F42C174FAE00C567A3 /* Resources */ = {
			isa = PBXResourcesBuildPhase;
			buildActionMask = 2147483647;
			files = (
				BF10C3012C174FAF00C567A3 /* Preview Assets.xcassets in Resources */,
				BF10C2FD2C174FAF00C567A3 /* Assets.xcassets in Resources */,
			);
			runOnlyForDeploymentPostprocessing = 0;
		};
		BFFCDD5B2BF90B6200C208B1 /* Resources */ = {
			isa = PBXResourcesBuildPhase;
			buildActionMask = 2147483647;
			files = (
				BFFCDD682BF90B6400C208B1 /* Preview Assets.xcassets in Resources */,
				BFFCDD652BF90B6400C208B1 /* Assets.xcassets in Resources */,
			);
			runOnlyForDeploymentPostprocessing = 0;
		};
/* End PBXResourcesBuildPhase section */

/* Begin PBXSourcesBuildPhase section */
		BF10C2F22C174FAE00C567A3 /* Sources */ = {
			isa = PBXSourcesBuildPhase;
			buildActionMask = 2147483647;
			files = (
				BF10C2FB2C174FAE00C567A3 /* ContentView.swift in Sources */,
				BF10C2F92C174FAE00C567A3 /* PicPulseIpadExtensionApp.swift in Sources */,
			);
			runOnlyForDeploymentPostprocessing = 0;
		};
		BFFCDD592BF90B6200C208B1 /* Sources */ = {
			isa = PBXSourcesBuildPhase;
			buildActionMask = 2147483647;
			files = (
				BF62069F2C6AFF7D0001B151 /* View+Ext.swift in Sources */,
				BF62069B2C6AFE830001B151 /* Links.swift in Sources */,
				BF7245352C60F33F00804A93 /* TipsListView.swift in Sources */,
				BF62069D2C6AFF6C0001B151 /* OnAppearModifier.swift in Sources */,
				BFFCDD632BF90B6200C208B1 /* ContentView.swift in Sources */,
				BFEFD7842C860407007B3EDC /* CheckForUpdatesView.swift in Sources */,
				BFD38C812C5FD1DC00525EF9 /* APIKey.swift in Sources */,
				BF1879CF2C74B860002C5E70 /* GeneralSettingsView.swift in Sources */,
				BFFCDD612BF90B6200C208B1 /* PreShotsApp.swift in Sources */,
			);
			runOnlyForDeploymentPostprocessing = 0;
		};
/* End PBXSourcesBuildPhase section */

/* Begin XCBuildConfiguration section */
		BF10C3022C174FAF00C567A3 /* Debug */ = {
			isa = XCBuildConfiguration;
			buildSettings = {
				ASSETCATALOG_COMPILER_APPICON_NAME = AppIcon;
				ASSETCATALOG_COMPILER_GLOBAL_ACCENT_COLOR_NAME = AccentColor;
				CODE_SIGN_ENTITLEMENTS = PicPulseIpadExtension/PicPulseIpadExtension.entitlements;
				CODE_SIGN_STYLE = Automatic;
				CURRENT_PROJECT_VERSION = 1;
				DEAD_CODE_STRIPPING = YES;
				DEVELOPMENT_ASSET_PATHS = "\"PicPulseIpadExtension/Preview Content\"";
				DEVELOPMENT_TEAM = N492VC6PS9;
				ENABLE_HARDENED_RUNTIME = YES;
				ENABLE_PREVIEWS = YES;
				GENERATE_INFOPLIST_FILE = YES;
				"INFOPLIST_KEY_UIApplicationSceneManifest_Generation[sdk=iphoneos*]" = YES;
				"INFOPLIST_KEY_UIApplicationSceneManifest_Generation[sdk=iphonesimulator*]" = YES;
				"INFOPLIST_KEY_UIApplicationSupportsIndirectInputEvents[sdk=iphoneos*]" = YES;
				"INFOPLIST_KEY_UIApplicationSupportsIndirectInputEvents[sdk=iphonesimulator*]" = YES;
				"INFOPLIST_KEY_UILaunchScreen_Generation[sdk=iphoneos*]" = YES;
				"INFOPLIST_KEY_UILaunchScreen_Generation[sdk=iphonesimulator*]" = YES;
				"INFOPLIST_KEY_UIStatusBarStyle[sdk=iphoneos*]" = UIStatusBarStyleDefault;
				"INFOPLIST_KEY_UIStatusBarStyle[sdk=iphonesimulator*]" = UIStatusBarStyleDefault;
				INFOPLIST_KEY_UISupportedInterfaceOrientations_iPad = "UIInterfaceOrientationPortrait UIInterfaceOrientationPortraitUpsideDown UIInterfaceOrientationLandscapeLeft UIInterfaceOrientationLandscapeRight";
				INFOPLIST_KEY_UISupportedInterfaceOrientations_iPhone = "UIInterfaceOrientationPortrait UIInterfaceOrientationLandscapeLeft UIInterfaceOrientationLandscapeRight";
				IPHONEOS_DEPLOYMENT_TARGET = 17.4;
				LD_RUNPATH_SEARCH_PATHS = "@executable_path/Frameworks";
				"LD_RUNPATH_SEARCH_PATHS[sdk=macosx*]" = "@executable_path/../Frameworks";
				MACOSX_DEPLOYMENT_TARGET = 14.4;
				MARKETING_VERSION = 1.0;
				PRODUCT_BUNDLE_IDENTIFIER = co.terrykuo.PicPulseIpadExtension;
				PRODUCT_NAME = "$(TARGET_NAME)";
				SDKROOT = auto;
				SUPPORTED_PLATFORMS = "iphoneos iphonesimulator macosx";
				SWIFT_EMIT_LOC_STRINGS = YES;
				SWIFT_VERSION = 5.0;
				TARGETED_DEVICE_FAMILY = "1,2";
			};
			name = Debug;
		};
		BF10C3032C174FAF00C567A3 /* Release */ = {
			isa = XCBuildConfiguration;
			buildSettings = {
				ASSETCATALOG_COMPILER_APPICON_NAME = AppIcon;
				ASSETCATALOG_COMPILER_GLOBAL_ACCENT_COLOR_NAME = AccentColor;
				CODE_SIGN_ENTITLEMENTS = PicPulseIpadExtension/PicPulseIpadExtension.entitlements;
				CODE_SIGN_STYLE = Automatic;
				CURRENT_PROJECT_VERSION = 1;
				DEAD_CODE_STRIPPING = YES;
				DEVELOPMENT_ASSET_PATHS = "\"PicPulseIpadExtension/Preview Content\"";
				DEVELOPMENT_TEAM = N492VC6PS9;
				ENABLE_HARDENED_RUNTIME = YES;
				ENABLE_PREVIEWS = YES;
				GENERATE_INFOPLIST_FILE = YES;
				"INFOPLIST_KEY_UIApplicationSceneManifest_Generation[sdk=iphoneos*]" = YES;
				"INFOPLIST_KEY_UIApplicationSceneManifest_Generation[sdk=iphonesimulator*]" = YES;
				"INFOPLIST_KEY_UIApplicationSupportsIndirectInputEvents[sdk=iphoneos*]" = YES;
				"INFOPLIST_KEY_UIApplicationSupportsIndirectInputEvents[sdk=iphonesimulator*]" = YES;
				"INFOPLIST_KEY_UILaunchScreen_Generation[sdk=iphoneos*]" = YES;
				"INFOPLIST_KEY_UILaunchScreen_Generation[sdk=iphonesimulator*]" = YES;
				"INFOPLIST_KEY_UIStatusBarStyle[sdk=iphoneos*]" = UIStatusBarStyleDefault;
				"INFOPLIST_KEY_UIStatusBarStyle[sdk=iphonesimulator*]" = UIStatusBarStyleDefault;
				INFOPLIST_KEY_UISupportedInterfaceOrientations_iPad = "UIInterfaceOrientationPortrait UIInterfaceOrientationPortraitUpsideDown UIInterfaceOrientationLandscapeLeft UIInterfaceOrientationLandscapeRight";
				INFOPLIST_KEY_UISupportedInterfaceOrientations_iPhone = "UIInterfaceOrientationPortrait UIInterfaceOrientationLandscapeLeft UIInterfaceOrientationLandscapeRight";
				IPHONEOS_DEPLOYMENT_TARGET = 17.4;
				LD_RUNPATH_SEARCH_PATHS = "@executable_path/Frameworks";
				"LD_RUNPATH_SEARCH_PATHS[sdk=macosx*]" = "@executable_path/../Frameworks";
				MACOSX_DEPLOYMENT_TARGET = 14.4;
				MARKETING_VERSION = 1.0;
				PRODUCT_BUNDLE_IDENTIFIER = co.terrykuo.PicPulseIpadExtension;
				PRODUCT_NAME = "$(TARGET_NAME)";
				SDKROOT = auto;
				SUPPORTED_PLATFORMS = "iphoneos iphonesimulator macosx";
				SWIFT_EMIT_LOC_STRINGS = YES;
				SWIFT_VERSION = 5.0;
				TARGETED_DEVICE_FAMILY = "1,2";
			};
			name = Release;
		};
		BFFCDD6A2BF90B6400C208B1 /* Debug */ = {
			isa = XCBuildConfiguration;
			buildSettings = {
				ALWAYS_SEARCH_USER_PATHS = NO;
				ASSETCATALOG_COMPILER_GENERATE_SWIFT_ASSET_SYMBOL_EXTENSIONS = YES;
				CLANG_ANALYZER_NONNULL = YES;
				CLANG_ANALYZER_NUMBER_OBJECT_CONVERSION = YES_AGGRESSIVE;
				CLANG_CXX_LANGUAGE_STANDARD = "gnu++20";
				CLANG_ENABLE_MODULES = YES;
				CLANG_ENABLE_OBJC_ARC = YES;
				CLANG_ENABLE_OBJC_WEAK = YES;
				CLANG_WARN_BLOCK_CAPTURE_AUTORELEASING = YES;
				CLANG_WARN_BOOL_CONVERSION = YES;
				CLANG_WARN_COMMA = YES;
				CLANG_WARN_CONSTANT_CONVERSION = YES;
				CLANG_WARN_DEPRECATED_OBJC_IMPLEMENTATIONS = YES;
				CLANG_WARN_DIRECT_OBJC_ISA_USAGE = YES_ERROR;
				CLANG_WARN_DOCUMENTATION_COMMENTS = YES;
				CLANG_WARN_EMPTY_BODY = YES;
				CLANG_WARN_ENUM_CONVERSION = YES;
				CLANG_WARN_INFINITE_RECURSION = YES;
				CLANG_WARN_INT_CONVERSION = YES;
				CLANG_WARN_NON_LITERAL_NULL_CONVERSION = YES;
				CLANG_WARN_OBJC_IMPLICIT_RETAIN_SELF = YES;
				CLANG_WARN_OBJC_LITERAL_CONVERSION = YES;
				CLANG_WARN_OBJC_ROOT_CLASS = YES_ERROR;
				CLANG_WARN_QUOTED_INCLUDE_IN_FRAMEWORK_HEADER = YES;
				CLANG_WARN_RANGE_LOOP_ANALYSIS = YES;
				CLANG_WARN_STRICT_PROTOTYPES = YES;
				CLANG_WARN_SUSPICIOUS_MOVE = YES;
				CLANG_WARN_UNGUARDED_AVAILABILITY = YES_AGGRESSIVE;
				CLANG_WARN_UNREACHABLE_CODE = YES;
				CLANG_WARN__DUPLICATE_METHOD_MATCH = YES;
				COPY_PHASE_STRIP = NO;
				DEAD_CODE_STRIPPING = YES;
				DEBUG_INFORMATION_FORMAT = dwarf;
				ENABLE_STRICT_OBJC_MSGSEND = YES;
				ENABLE_TESTABILITY = YES;
				ENABLE_USER_SCRIPT_SANDBOXING = YES;
				GCC_C_LANGUAGE_STANDARD = gnu17;
				GCC_DYNAMIC_NO_PIC = NO;
				GCC_NO_COMMON_BLOCKS = YES;
				GCC_OPTIMIZATION_LEVEL = 0;
				GCC_PREPROCESSOR_DEFINITIONS = (
					"DEBUG=1",
					"$(inherited)",
				);
				GCC_WARN_64_TO_32_BIT_CONVERSION = YES;
				GCC_WARN_ABOUT_RETURN_TYPE = YES_ERROR;
				GCC_WARN_UNDECLARED_SELECTOR = YES;
				GCC_WARN_UNINITIALIZED_AUTOS = YES_AGGRESSIVE;
				GCC_WARN_UNUSED_FUNCTION = YES;
				GCC_WARN_UNUSED_VARIABLE = YES;
				LOCALIZATION_PREFERS_STRING_CATALOGS = YES;
				MACOSX_DEPLOYMENT_TARGET = 14.3;
				MTL_ENABLE_DEBUG_INFO = INCLUDE_SOURCE;
				MTL_FAST_MATH = YES;
				ONLY_ACTIVE_ARCH = YES;
				SDKROOT = macosx;
				SWIFT_ACTIVE_COMPILATION_CONDITIONS = "DEBUG $(inherited)";
				SWIFT_OPTIMIZATION_LEVEL = "-Onone";
			};
			name = Debug;
		};
		BFFCDD6B2BF90B6400C208B1 /* Release */ = {
			isa = XCBuildConfiguration;
			buildSettings = {
				ALWAYS_SEARCH_USER_PATHS = NO;
				ASSETCATALOG_COMPILER_GENERATE_SWIFT_ASSET_SYMBOL_EXTENSIONS = YES;
				CLANG_ANALYZER_NONNULL = YES;
				CLANG_ANALYZER_NUMBER_OBJECT_CONVERSION = YES_AGGRESSIVE;
				CLANG_CXX_LANGUAGE_STANDARD = "gnu++20";
				CLANG_ENABLE_MODULES = YES;
				CLANG_ENABLE_OBJC_ARC = YES;
				CLANG_ENABLE_OBJC_WEAK = YES;
				CLANG_WARN_BLOCK_CAPTURE_AUTORELEASING = YES;
				CLANG_WARN_BOOL_CONVERSION = YES;
				CLANG_WARN_COMMA = YES;
				CLANG_WARN_CONSTANT_CONVERSION = YES;
				CLANG_WARN_DEPRECATED_OBJC_IMPLEMENTATIONS = YES;
				CLANG_WARN_DIRECT_OBJC_ISA_USAGE = YES_ERROR;
				CLANG_WARN_DOCUMENTATION_COMMENTS = YES;
				CLANG_WARN_EMPTY_BODY = YES;
				CLANG_WARN_ENUM_CONVERSION = YES;
				CLANG_WARN_INFINITE_RECURSION = YES;
				CLANG_WARN_INT_CONVERSION = YES;
				CLANG_WARN_NON_LITERAL_NULL_CONVERSION = YES;
				CLANG_WARN_OBJC_IMPLICIT_RETAIN_SELF = YES;
				CLANG_WARN_OBJC_LITERAL_CONVERSION = YES;
				CLANG_WARN_OBJC_ROOT_CLASS = YES_ERROR;
				CLANG_WARN_QUOTED_INCLUDE_IN_FRAMEWORK_HEADER = YES;
				CLANG_WARN_RANGE_LOOP_ANALYSIS = YES;
				CLANG_WARN_STRICT_PROTOTYPES = YES;
				CLANG_WARN_SUSPICIOUS_MOVE = YES;
				CLANG_WARN_UNGUARDED_AVAILABILITY = YES_AGGRESSIVE;
				CLANG_WARN_UNREACHABLE_CODE = YES;
				CLANG_WARN__DUPLICATE_METHOD_MATCH = YES;
				COPY_PHASE_STRIP = NO;
				DEAD_CODE_STRIPPING = YES;
				DEBUG_INFORMATION_FORMAT = "dwarf-with-dsym";
				ENABLE_NS_ASSERTIONS = NO;
				ENABLE_STRICT_OBJC_MSGSEND = YES;
				ENABLE_USER_SCRIPT_SANDBOXING = YES;
				GCC_C_LANGUAGE_STANDARD = gnu17;
				GCC_NO_COMMON_BLOCKS = YES;
				GCC_WARN_64_TO_32_BIT_CONVERSION = YES;
				GCC_WARN_ABOUT_RETURN_TYPE = YES_ERROR;
				GCC_WARN_UNDECLARED_SELECTOR = YES;
				GCC_WARN_UNINITIALIZED_AUTOS = YES_AGGRESSIVE;
				GCC_WARN_UNUSED_FUNCTION = YES;
				GCC_WARN_UNUSED_VARIABLE = YES;
				LOCALIZATION_PREFERS_STRING_CATALOGS = YES;
				MACOSX_DEPLOYMENT_TARGET = 14.3;
				MTL_ENABLE_DEBUG_INFO = NO;
				MTL_FAST_MATH = YES;
				SDKROOT = macosx;
				SWIFT_COMPILATION_MODE = wholemodule;
			};
			name = Release;
		};
		BFFCDD6D2BF90B6400C208B1 /* Debug */ = {
			isa = XCBuildConfiguration;
			buildSettings = {
				ASSETCATALOG_COMPILER_APPICON_NAME = AppIcon;
				ASSETCATALOG_COMPILER_GLOBAL_ACCENT_COLOR_NAME = AccentColor;
				CODE_SIGN_ENTITLEMENTS = PreShots/PreShots.entitlements;
				"CODE_SIGN_IDENTITY[sdk=macosx*]" = "Apple Development";
				CODE_SIGN_STYLE = Automatic;
				COMBINE_HIDPI_IMAGES = YES;
				CURRENT_PROJECT_VERSION = 33;
				DEAD_CODE_STRIPPING = YES;
				DEVELOPMENT_ASSET_PATHS = "\"PreShots/Preview Content\"";
				DEVELOPMENT_TEAM = N492VC6PS9;
				ENABLE_HARDENED_RUNTIME = YES;
				ENABLE_PREVIEWS = YES;
				GENERATE_INFOPLIST_FILE = YES;
				INFOPLIST_FILE = PreShots/Info.plist;
				INFOPLIST_KEY_CFBundleDisplayName = PicPulse;
				INFOPLIST_KEY_LSApplicationCategoryType = "public.app-category.developer-tools";
				INFOPLIST_KEY_NSDownloadsFolderUsageDescription = "Allow us to saves to downloads folder";
				INFOPLIST_KEY_NSHumanReadableCopyright = "";
				LD_RUNPATH_SEARCH_PATHS = (
					"$(inherited)",
					"@executable_path/../Frameworks",
				);
				MACOSX_DEPLOYMENT_TARGET = 14.0;
				MARKETING_VERSION = 1.2.9;
				PRODUCT_BUNDLE_IDENTIFIER = co.terrykuo.PicPulse;
				PRODUCT_NAME = PicPulse;
				SWIFT_EMIT_LOC_STRINGS = YES;
				SWIFT_VERSION = 5.0;
			};
			name = Debug;
		};
		BFFCDD6E2BF90B6400C208B1 /* Release */ = {
			isa = XCBuildConfiguration;
			buildSettings = {
				ASSETCATALOG_COMPILER_APPICON_NAME = AppIcon;
				ASSETCATALOG_COMPILER_GLOBAL_ACCENT_COLOR_NAME = AccentColor;
				CODE_SIGN_ENTITLEMENTS = PreShots/PreShots.entitlements;
				"CODE_SIGN_IDENTITY[sdk=macosx*]" = "Apple Development";
				CODE_SIGN_STYLE = Automatic;
				COMBINE_HIDPI_IMAGES = YES;
				CURRENT_PROJECT_VERSION = 33;
				DEAD_CODE_STRIPPING = YES;
				DEVELOPMENT_ASSET_PATHS = "\"PreShots/Preview Content\"";
				DEVELOPMENT_TEAM = N492VC6PS9;
				ENABLE_HARDENED_RUNTIME = YES;
				ENABLE_PREVIEWS = YES;
				GENERATE_INFOPLIST_FILE = YES;
				INFOPLIST_FILE = PreShots/Info.plist;
				INFOPLIST_KEY_CFBundleDisplayName = PicPulse;
				INFOPLIST_KEY_LSApplicationCategoryType = "public.app-category.developer-tools";
				INFOPLIST_KEY_NSDownloadsFolderUsageDescription = "Allow us to saves to downloads folder";
				INFOPLIST_KEY_NSHumanReadableCopyright = "";
				LD_RUNPATH_SEARCH_PATHS = (
					"$(inherited)",
					"@executable_path/../Frameworks",
				);
				MACOSX_DEPLOYMENT_TARGET = 14.0;
				MARKETING_VERSION = 1.2.9;
				PRODUCT_BUNDLE_IDENTIFIER = co.terrykuo.PicPulse;
				PRODUCT_NAME = PicPulse;
				SWIFT_EMIT_LOC_STRINGS = YES;
				SWIFT_VERSION = 5.0;
			};
			name = Release;
		};
/* End XCBuildConfiguration section */

/* Begin XCConfigurationList section */
		BF10C3042C174FAF00C567A3 /* Build configuration list for PBXNativeTarget "PicPulse2IpadExtension" */ = {
			isa = XCConfigurationList;
			buildConfigurations = (
				BF10C3022C174FAF00C567A3 /* Debug */,
				BF10C3032C174FAF00C567A3 /* Release */,
			);
			defaultConfigurationIsVisible = 0;
			defaultConfigurationName = Release;
		};
		BFFCDD582BF90B6200C208B1 /* Build configuration list for PBXProject "PicPulse" */ = {
			isa = XCConfigurationList;
			buildConfigurations = (
				BFFCDD6A2BF90B6400C208B1 /* Debug */,
				BFFCDD6B2BF90B6400C208B1 /* Release */,
			);
			defaultConfigurationIsVisible = 0;
			defaultConfigurationName = Release;
		};
		BFFCDD6C2BF90B6400C208B1 /* Build configuration list for PBXNativeTarget "PreShots" */ = {
			isa = XCConfigurationList;
			buildConfigurations = (
				BFFCDD6D2BF90B6400C208B1 /* Debug */,
				BFFCDD6E2BF90B6400C208B1 /* Release */,
			);
			defaultConfigurationIsVisible = 0;
			defaultConfigurationName = Release;
		};
/* End XCConfigurationList section */

/* Begin XCRemoteSwiftPackageReference section */
		BFC111BF2C782B2B00470BE5 /* XCRemoteSwiftPackageReference "purchases-ios" */ = {
			isa = XCRemoteSwiftPackageReference;
			repositoryURL = "https://github.com/RevenueCat/purchases-ios.git";
			requirement = {
				kind = upToNextMajorVersion;
				minimumVersion = 5.3.0;
			};
		};
		BFEFD7822C85FC38007B3EDC /* XCRemoteSwiftPackageReference "Sparkle" */ = {
			isa = XCRemoteSwiftPackageReference;
			repositoryURL = "https://github.com/sparkle-project/Sparkle.git";
			requirement = {
				kind = upToNextMajorVersion;
				minimumVersion = 2.6.4;
			};
		};
/* End XCRemoteSwiftPackageReference section */

/* Begin XCSwiftPackageProductDependency section */
		BF10B0762C73139400235D45 /* ImagesSetsFeature */ = {
			isa = XCSwiftPackageProductDependency;
			productName = ImagesSetsFeature;
		};
		BF10C2ED2C16FD8100C567A3 /* ImportImagesFeature */ = {
			isa = XCSwiftPackageProductDependency;
			productName = ImportImagesFeature;
		};
		BF10C2F02C17023600C567A3 /* ImageResizeFeature */ = {
			isa = XCSwiftPackageProductDependency;
			productName = ImageResizeFeature;
		};
		BF10C3072C174FFA00C567A3 /* ImportImagesFeature */ = {
			isa = XCSwiftPackageProductDependency;
			productName = ImportImagesFeature;
		};
		BF1C5C922CDA4D34009A902E /* RemoveAlphaFeature */ = {
			isa = XCSwiftPackageProductDependency;
			productName = RemoveAlphaFeature;
		};
		BF1C5C942CDA505B009A902E /* DestinationManager */ = {
			isa = XCSwiftPackageProductDependency;
			productName = DestinationManager;
		};
		BFC111C02C782B5D00470BE5 /* RevenueCat */ = {
			isa = XCSwiftPackageProductDependency;
			package = BFC111BF2C782B2B00470BE5 /* XCRemoteSwiftPackageReference "purchases-ios" */;
			productName = RevenueCat;
		};
		BFEFD7852C860456007B3EDC /* Sparkle */ = {
			isa = XCSwiftPackageProductDependency;
			package = BFEFD7822C85FC38007B3EDC /* XCRemoteSwiftPackageReference "Sparkle" */;
			productName = Sparkle;
		};
/* End XCSwiftPackageProductDependency section */
	};
	rootObject = BFFCDD552BF90B6200C208B1 /* Project object */;
}
